
Microsoft Visual Studio Solution File, Format Version 12.00
# Visual Studio Version 17
VisualStudioVersion = 17.2.32526.322
MinimumVisualStudioVersion = 10.0.40219.1
Project("{9A19103F-16F7-4668-BE54-9A1E7A4F7556}") = "Application", "Application\Application.csproj", "{79C0B9D6-B317-4799-8294-FECDD0CC61CA}"
EndProject
Global
	GlobalSection(SolutionConfigurationPlatforms) = preSolution
		Debug|Any CPU = Debug|Any CPU
		Release|Any CPU = Release|Any CPU
	EndGlobalSection
	GlobalSection(ProjectConfigurationPlatforms) = postSolution
		{79C0B9D6-B317-4799-8294-FECDD0CC61CA}.Debug|Any CPU.ActiveCfg = Debug|Any CPU
		{79C0B9D6-B317-4799-8294-FECDD0CC61CA}.Debug|Any CPU.Build.0 = Debug|Any CPU
		{79C0B9D6-B317-4799-8294-FECDD0CC61CA}.Release|Any CPU.ActiveCfg = Release|Any CPU
		{79C0B9D6-B317-4799-8294-FECDD0CC61CA}.Release|Any CPU.Build.0 = Release|Any CPU
	EndGlobalSection
	GlobalSection(SolutionProperties) = preSolution
		HideSolutionNode = FALSE
	EndGlobalSection
	GlobalSection(ExtensibilityGlobals) = postSolution
		SolutionGuid = {28D14F86-7547-40E3-B28D-C6F258703F3B}
	EndGlobalSection
EndGlobal
